// !$*UTF8*$!
{
	archiveVersion = 1;
	classes = {
	};
	objectVersion = 46;
	objects = {

/* Begin PBXBuildFile section */
		A84C71701C56A83400598FE9 /* LPTitleView.m in Sources */ = {isa = PBXBuildFile; fileRef = A84C716D1C56A83400598FE9 /* LPTitleView.m */; };
		A84C71711C56A83400598FE9 /* LPViewPagerController.m in Sources */ = {isa = PBXBuildFile; fileRef = A84C716F1C56A83400598FE9 /* LPViewPagerController.m */; };
		A84C71731C56BC9500598FE9 /* MapKit.framework in Frameworks */ = {isa = PBXBuildFile; fileRef = A84C71721C56BC9500598FE9 /* MapKit.framework */; };
		A84C71781C56C49400598FE9 /* InformationCampingCell.m in Sources */ = {isa = PBXBuildFile; fileRef = A84C71771C56C49400598FE9 /* InformationCampingCell.m */; };
		A84C717A1C56C54A00598FE9 /* InformationCampingCell.xib in Resources */ = {isa = PBXBuildFile; fileRef = A84C71791C56C54A00598FE9 /* InformationCampingCell.xib */; };
		A84C717E1C56C9A800598FE9 /* PageItemController.m in Sources */ = {isa = PBXBuildFile; fileRef = A84C717D1C56C9A800598FE9 /* PageItemController.m */; };
		A84C71831C56E02400598FE9 /* LocationManager.m in Sources */ = {isa = PBXBuildFile; fileRef = A84C71821C56E02400598FE9 /* LocationManager.m */; };
		A84C71891C56E7A000598FE9 /* CustomAnnotation.m in Sources */ = {isa = PBXBuildFile; fileRef = A84C71881C56E7A000598FE9 /* CustomAnnotation.m */; };
		A88EB3C91C500E97008DC5CF /* PromotionsViewController.m in Sources */ = {isa = PBXBuildFile; fileRef = A88EB3C81C500E97008DC5CF /* PromotionsViewController.m */; };
		A88EB3CC1C500EAE008DC5CF /* ProfilViewController.m in Sources */ = {isa = PBXBuildFile; fileRef = A88EB3CB1C500EAE008DC5CF /* ProfilViewController.m */; };
		A88EB3DA1C5015AA008DC5CF /* PromotionCell.m in Sources */ = {isa = PBXBuildFile; fileRef = A88EB3D81C5015AA008DC5CF /* PromotionCell.m */; };
		A88EB3DB1C5015AA008DC5CF /* PromotionCell.xib in Resources */ = {isa = PBXBuildFile; fileRef = A88EB3D91C5015AA008DC5CF /* PromotionCell.xib */; };
		A88EB3E01C5015F0008DC5CF /* Camping.m in Sources */ = {isa = PBXBuildFile; fileRef = A88EB3DF1C5015F0008DC5CF /* Camping.m */; };
		A88EB3E51C501918008DC5CF /* ParsingData.m in Sources */ = {isa = PBXBuildFile; fileRef = A88EB3E41C501918008DC5CF /* ParsingData.m */; };
		A88EB3F71C50374B008DC5CF /* ConnectionUserAction.m in Sources */ = {isa = PBXBuildFile; fileRef = A88EB3F61C50374B008DC5CF /* ConnectionUserAction.m */; };
		A88EB3FA1C503754008DC5CF /* InscriptionUserAction.m in Sources */ = {isa = PBXBuildFile; fileRef = A88EB3F91C503754008DC5CF /* InscriptionUserAction.m */; };
		A88EB3FD1C503763008DC5CF /* GetCampingsListAction.m in Sources */ = {isa = PBXBuildFile; fileRef = A88EB3FC1C503763008DC5CF /* GetCampingsListAction.m */; };
		A88EB4001C50377A008DC5CF /* NetworkManagement.m in Sources */ = {isa = PBXBuildFile; fileRef = A88EB3FF1C50377A008DC5CF /* NetworkManagement.m */; };
		A88EB4031C503958008DC5CF /* UserProfil.m in Sources */ = {isa = PBXBuildFile; fileRef = A88EB4021C503958008DC5CF /* UserProfil.m */; };
		A88EB4141C503F60008DC5CF /* Customization_Tuto.txt in Resources */ = {isa = PBXBuildFile; fileRef = A88EB40B1C503F60008DC5CF /* Customization_Tuto.txt */; };
		A88EB4151C503F60008DC5CF /* libScanpay.a in Frameworks */ = {isa = PBXBuildFile; fileRef = A88EB4111C503F60008DC5CF /* libScanpay.a */; };
		A88EB4161C503F60008DC5CF /* opencv2.framework in Frameworks */ = {isa = PBXBuildFile; fileRef = A88EB4121C503F60008DC5CF /* opencv2.framework */; };
		A88EB4171C503F60008DC5CF /* V3.3.6 in Resources */ = {isa = PBXBuildFile; fileRef = A88EB4131C503F60008DC5CF /* V3.3.6 */; };
		A88EB4191C504008008DC5CF /* CoreVideo.framework in Frameworks */ = {isa = PBXBuildFile; fileRef = A88EB4181C504008008DC5CF /* CoreVideo.framework */; };
		A88EB41B1C50400F008DC5CF /* CoreMedia.framework in Frameworks */ = {isa = PBXBuildFile; fileRef = A88EB41A1C50400F008DC5CF /* CoreMedia.framework */; };
		A88EB41D1C504015008DC5CF /* AVFoundation.framework in Frameworks */ = {isa = PBXBuildFile; fileRef = A88EB41C1C504015008DC5CF /* AVFoundation.framework */; };
		A88EB41F1C50401C008DC5CF /* QuartzCore.framework in Frameworks */ = {isa = PBXBuildFile; fileRef = A88EB41E1C50401C008DC5CF /* QuartzCore.framework */; };
		A88EB4211C504020008DC5CF /* AudioToolbox.framework in Frameworks */ = {isa = PBXBuildFile; fileRef = A88EB4201C504020008DC5CF /* AudioToolbox.framework */; };
		A88EB4231C504026008DC5CF /* AssetsLibrary.framework in Frameworks */ = {isa = PBXBuildFile; fileRef = A88EB4221C504026008DC5CF /* AssetsLibrary.framework */; };
		A88EB4251C50402D008DC5CF /* Security.framework in Frameworks */ = {isa = PBXBuildFile; fileRef = A88EB4241C50402D008DC5CF /* Security.framework */; };
		A88EB4281C504056008DC5CF /* MangopayViewController.m in Sources */ = {isa = PBXBuildFile; fileRef = A88EB4271C504056008DC5CF /* MangopayViewController.m */; };
		A88EB42E1C50434A008DC5CF /* SPWebViewFiller.m in Sources */ = {isa = PBXBuildFile; fileRef = A88EB42D1C50434A008DC5CF /* SPWebViewFiller.m */; };
		A89763C51C5802BA0060BC5C /* marker.m in Sources */ = {isa = PBXBuildFile; fileRef = A89763C41C5802BA0060BC5C /* marker.m */; };
		A89763C91C580BA40060BC5C /* AnnotationView.m in Sources */ = {isa = PBXBuildFile; fileRef = A89763C81C580BA40060BC5C /* AnnotationView.m */; };
		A89763CE1C58163D0060BC5C /* GetOffersListAction.m in Sources */ = {isa = PBXBuildFile; fileRef = A89763CD1C58163D0060BC5C /* GetOffersListAction.m */; };
		A8A63DB91C5005C30026E456 /* main.m in Sources */ = {isa = PBXBuildFile; fileRef = A8A63DB81C5005C30026E456 /* main.m */; };
		A8A63DBC1C5005C30026E456 /* AppDelegate.m in Sources */ = {isa = PBXBuildFile; fileRef = A8A63DBB1C5005C30026E456 /* AppDelegate.m */; };
		A8A63DBF1C5005C30026E456 /* HomePageViewController.m in Sources */ = {isa = PBXBuildFile; fileRef = A8A63DBE1C5005C30026E456 /* HomePageViewController.m */; };
		A8A63DC21C5005C30026E456 /* Main.storyboard in Resources */ = {isa = PBXBuildFile; fileRef = A8A63DC01C5005C30026E456 /* Main.storyboard */; };
		A8A63DC41C5005C30026E456 /* Assets.xcassets in Resources */ = {isa = PBXBuildFile; fileRef = A8A63DC31C5005C30026E456 /* Assets.xcassets */; };
		A8A63DC71C5005C30026E456 /* LaunchScreen.storyboard in Resources */ = {isa = PBXBuildFile; fileRef = A8A63DC51C5005C30026E456 /* LaunchScreen.storyboard */; };
		A8A63DD21C5005C30026E456 /* hotelTests.m in Sources */ = {isa = PBXBuildFile; fileRef = A8A63DD11C5005C30026E456 /* hotelTests.m */; };
		A8A63DDD1C5005C30026E456 /* hotelUITests.m in Sources */ = {isa = PBXBuildFile; fileRef = A8A63DDC1C5005C30026E456 /* hotelUITests.m */; };
		A8B0234F1C51579D00C10AA7 /* libc++.tbd in Frameworks */ = {isa = PBXBuildFile; fileRef = A8B0234E1C51579D00C10AA7 /* libc++.tbd */; };
		A8B023531C51585400C10AA7 /* libsqlite3.tbd in Frameworks */ = {isa = PBXBuildFile; fileRef = A8B023521C51585400C10AA7 /* libsqlite3.tbd */; };
		A8CF58C61C5007A2002D227A /* InscriptionViewController.m in Sources */ = {isa = PBXBuildFile; fileRef = A8CF58C51C5007A2002D227A /* InscriptionViewController.m */; };
		A8F2FEED1C54D2BA007DF893 /* HotDealViewController.m in Sources */ = {isa = PBXBuildFile; fileRef = A8F2FEEC1C54D2BA007DF893 /* HotDealViewController.m */; };
		A8F2FEF61C54D426007DF893 /* InformationViewController.m in Sources */ = {isa = PBXBuildFile; fileRef = A8F2FEF51C54D426007DF893 /* InformationViewController.m */; };
		A8F2FF091C557F01007DF893 /* Offer.m in Sources */ = {isa = PBXBuildFile; fileRef = A8F2FF081C557F01007DF893 /* Offer.m */; };
		A8F2FF1C1C559A56007DF893 /* ScrollPagesViewController.m in Sources */ = {isa = PBXBuildFile; fileRef = A8F2FF1B1C559A56007DF893 /* ScrollPagesViewController.m */; };
		FC3E8C90B71CCA6AAEE87C2C /* libPods.a in Frameworks */ = {isa = PBXBuildFile; fileRef = C91B09CC94CDA73374504379 /* libPods.a */; };
/* End PBXBuildFile section */

/* Begin PBXContainerItemProxy section */
		A8A63DCE1C5005C30026E456 /* PBXContainerItemProxy */ = {
			isa = PBXContainerItemProxy;
			containerPortal = A8A63DAC1C5005C30026E456 /* Project object */;
			proxyType = 1;
			remoteGlobalIDString = A8A63DB31C5005C30026E456;
			remoteInfo = hotel;
		};
		A8A63DD91C5005C30026E456 /* PBXContainerItemProxy */ = {
			isa = PBXContainerItemProxy;
			containerPortal = A8A63DAC1C5005C30026E456 /* Project object */;
			proxyType = 1;
			remoteGlobalIDString = A8A63DB31C5005C30026E456;
			remoteInfo = hotel;
		};
/* End PBXContainerItemProxy section */

/* Begin PBXFileReference section */
		381A166E8C10B1F505A87604 /* Pods.release.xcconfig */ = {isa = PBXFileReference; includeInIndex = 1; lastKnownFileType = text.xcconfig; name = Pods.release.xcconfig; path = "Pods/Target Support Files/Pods/Pods.release.xcconfig"; sourceTree = "<group>"; };
		726CDCA74CA8DA8EA470A5C8 /* Pods.debug.xcconfig */ = {isa = PBXFileReference; includeInIndex = 1; lastKnownFileType = text.xcconfig; name = Pods.debug.xcconfig; path = "Pods/Target Support Files/Pods/Pods.debug.xcconfig"; sourceTree = "<group>"; };
		A84C716C1C56A83400598FE9 /* LPTitleView.h */ = {isa = PBXFileReference; fileEncoding = 4; lastKnownFileType = sourcecode.c.h; path = LPTitleView.h; sourceTree = "<group>"; };
		A84C716D1C56A83400598FE9 /* LPTitleView.m */ = {isa = PBXFileReference; fileEncoding = 4; lastKnownFileType = sourcecode.c.objc; path = LPTitleView.m; sourceTree = "<group>"; };
		A84C716E1C56A83400598FE9 /* LPViewPagerController.h */ = {isa = PBXFileReference; fileEncoding = 4; lastKnownFileType = sourcecode.c.h; path = LPViewPagerController.h; sourceTree = "<group>"; };
		A84C716F1C56A83400598FE9 /* LPViewPagerController.m */ = {isa = PBXFileReference; fileEncoding = 4; lastKnownFileType = sourcecode.c.objc; path = LPViewPagerController.m; sourceTree = "<group>"; };
		A84C71721C56BC9500598FE9 /* MapKit.framework */ = {isa = PBXFileReference; lastKnownFileType = wrapper.framework; name = MapKit.framework; path = System/Library/Frameworks/MapKit.framework; sourceTree = SDKROOT; };
		A84C71761C56C49400598FE9 /* InformationCampingCell.h */ = {isa = PBXFileReference; fileEncoding = 4; lastKnownFileType = sourcecode.c.h; path = InformationCampingCell.h; sourceTree = "<group>"; };
		A84C71771C56C49400598FE9 /* InformationCampingCell.m */ = {isa = PBXFileReference; fileEncoding = 4; lastKnownFileType = sourcecode.c.objc; path = InformationCampingCell.m; sourceTree = "<group>"; };
		A84C71791C56C54A00598FE9 /* InformationCampingCell.xib */ = {isa = PBXFileReference; fileEncoding = 4; lastKnownFileType = file.xib; path = InformationCampingCell.xib; sourceTree = "<group>"; };
		A84C717C1C56C9A800598FE9 /* PageItemController.h */ = {isa = PBXFileReference; fileEncoding = 4; lastKnownFileType = sourcecode.c.h; path = PageItemController.h; sourceTree = "<group>"; };
		A84C717D1C56C9A800598FE9 /* PageItemController.m */ = {isa = PBXFileReference; fileEncoding = 4; lastKnownFileType = sourcecode.c.objc; path = PageItemController.m; sourceTree = "<group>"; };
		A84C71811C56E02400598FE9 /* LocationManager.h */ = {isa = PBXFileReference; fileEncoding = 4; lastKnownFileType = sourcecode.c.h; path = LocationManager.h; sourceTree = "<group>"; };
		A84C71821C56E02400598FE9 /* LocationManager.m */ = {isa = PBXFileReference; fileEncoding = 4; lastKnownFileType = sourcecode.c.objc; path = LocationManager.m; sourceTree = "<group>"; };
		A84C71871C56E7A000598FE9 /* CustomAnnotation.h */ = {isa = PBXFileReference; fileEncoding = 4; lastKnownFileType = sourcecode.c.h; path = CustomAnnotation.h; sourceTree = "<group>"; };
		A84C71881C56E7A000598FE9 /* CustomAnnotation.m */ = {isa = PBXFileReference; fileEncoding = 4; lastKnownFileType = sourcecode.c.objc; path = CustomAnnotation.m; sourceTree = "<group>"; };
		A88EB3C71C500E97008DC5CF /* PromotionsViewController.h */ = {isa = PBXFileReference; fileEncoding = 4; lastKnownFileType = sourcecode.c.h; path = PromotionsViewController.h; sourceTree = "<group>"; };
		A88EB3C81C500E97008DC5CF /* PromotionsViewController.m */ = {isa = PBXFileReference; fileEncoding = 4; lastKnownFileType = sourcecode.c.objc; path = PromotionsViewController.m; sourceTree = "<group>"; };
		A88EB3CA1C500EAE008DC5CF /* ProfilViewController.h */ = {isa = PBXFileReference; fileEncoding = 4; lastKnownFileType = sourcecode.c.h; path = ProfilViewController.h; sourceTree = "<group>"; };
		A88EB3CB1C500EAE008DC5CF /* ProfilViewController.m */ = {isa = PBXFileReference; fileEncoding = 4; lastKnownFileType = sourcecode.c.objc; path = ProfilViewController.m; sourceTree = "<group>"; };
		A88EB3CD1C50108E008DC5CF /* hotel-Prefix.pch */ = {isa = PBXFileReference; fileEncoding = 4; lastKnownFileType = sourcecode.c.h; path = "hotel-Prefix.pch"; sourceTree = "<group>"; };
		A88EB3D71C5015AA008DC5CF /* PromotionCell.h */ = {isa = PBXFileReference; fileEncoding = 4; lastKnownFileType = sourcecode.c.h; path = PromotionCell.h; sourceTree = "<group>"; };
		A88EB3D81C5015AA008DC5CF /* PromotionCell.m */ = {isa = PBXFileReference; fileEncoding = 4; lastKnownFileType = sourcecode.c.objc; path = PromotionCell.m; sourceTree = "<group>"; };
		A88EB3D91C5015AA008DC5CF /* PromotionCell.xib */ = {isa = PBXFileReference; fileEncoding = 4; lastKnownFileType = file.xib; path = PromotionCell.xib; sourceTree = "<group>"; };
		A88EB3DE1C5015F0008DC5CF /* Camping.h */ = {isa = PBXFileReference; fileEncoding = 4; lastKnownFileType = sourcecode.c.h; path = Camping.h; sourceTree = "<group>"; };
		A88EB3DF1C5015F0008DC5CF /* Camping.m */ = {isa = PBXFileReference; fileEncoding = 4; lastKnownFileType = sourcecode.c.objc; path = Camping.m; sourceTree = "<group>"; };
		A88EB3E31C501918008DC5CF /* ParsingData.h */ = {isa = PBXFileReference; fileEncoding = 4; lastKnownFileType = sourcecode.c.h; path = ParsingData.h; sourceTree = "<group>"; };
		A88EB3E41C501918008DC5CF /* ParsingData.m */ = {isa = PBXFileReference; fileEncoding = 4; lastKnownFileType = sourcecode.c.objc; path = ParsingData.m; sourceTree = "<group>"; };
		A88EB3F51C50374B008DC5CF /* ConnectionUserAction.h */ = {isa = PBXFileReference; fileEncoding = 4; lastKnownFileType = sourcecode.c.h; path = ConnectionUserAction.h; sourceTree = "<group>"; };
		A88EB3F61C50374B008DC5CF /* ConnectionUserAction.m */ = {isa = PBXFileReference; fileEncoding = 4; lastKnownFileType = sourcecode.c.objc; path = ConnectionUserAction.m; sourceTree = "<group>"; };
		A88EB3F81C503754008DC5CF /* InscriptionUserAction.h */ = {isa = PBXFileReference; fileEncoding = 4; lastKnownFileType = sourcecode.c.h; path = InscriptionUserAction.h; sourceTree = "<group>"; };
		A88EB3F91C503754008DC5CF /* InscriptionUserAction.m */ = {isa = PBXFileReference; fileEncoding = 4; lastKnownFileType = sourcecode.c.objc; path = InscriptionUserAction.m; sourceTree = "<group>"; };
		A88EB3FB1C503763008DC5CF /* GetCampingsListAction.h */ = {isa = PBXFileReference; fileEncoding = 4; lastKnownFileType = sourcecode.c.h; path = GetCampingsListAction.h; sourceTree = "<group>"; };
		A88EB3FC1C503763008DC5CF /* GetCampingsListAction.m */ = {isa = PBXFileReference; fileEncoding = 4; lastKnownFileType = sourcecode.c.objc; path = GetCampingsListAction.m; sourceTree = "<group>"; };
		A88EB3FE1C50377A008DC5CF /* NetworkManagement.h */ = {isa = PBXFileReference; fileEncoding = 4; lastKnownFileType = sourcecode.c.h; path = NetworkManagement.h; sourceTree = "<group>"; };
		A88EB3FF1C50377A008DC5CF /* NetworkManagement.m */ = {isa = PBXFileReference; fileEncoding = 4; lastKnownFileType = sourcecode.c.objc; path = NetworkManagement.m; sourceTree = "<group>"; };
		A88EB4011C503958008DC5CF /* UserProfil.h */ = {isa = PBXFileReference; fileEncoding = 4; lastKnownFileType = sourcecode.c.h; path = UserProfil.h; sourceTree = "<group>"; };
		A88EB4021C503958008DC5CF /* UserProfil.m */ = {isa = PBXFileReference; fileEncoding = 4; lastKnownFileType = sourcecode.c.objc; path = UserProfil.m; sourceTree = "<group>"; };
		A88EB40B1C503F60008DC5CF /* Customization_Tuto.txt */ = {isa = PBXFileReference; fileEncoding = 4; lastKnownFileType = text; path = Customization_Tuto.txt; sourceTree = "<group>"; };
		A88EB40D1C503F60008DC5CF /* ScanPayDelegate.h */ = {isa = PBXFileReference; fileEncoding = 4; lastKnownFileType = sourcecode.c.h; path = ScanPayDelegate.h; sourceTree = "<group>"; };
		A88EB40E1C503F60008DC5CF /* ScanPayViewController.h */ = {isa = PBXFileReference; fileEncoding = 4; lastKnownFileType = sourcecode.c.h; path = ScanPayViewController.h; sourceTree = "<group>"; };
		A88EB40F1C503F60008DC5CF /* ScanPayViewController_Extras.h */ = {isa = PBXFileReference; fileEncoding = 4; lastKnownFileType = sourcecode.c.h; path = ScanPayViewController_Extras.h; sourceTree = "<group>"; };
		A88EB4101C503F60008DC5CF /* SPCreditCard.h */ = {isa = PBXFileReference; fileEncoding = 4; lastKnownFileType = sourcecode.c.h; path = SPCreditCard.h; sourceTree = "<group>"; };
		A88EB4111C503F60008DC5CF /* libScanpay.a */ = {isa = PBXFileReference; lastKnownFileType = archive.ar; path = libScanpay.a; sourceTree = "<group>"; };
		A88EB4121C503F60008DC5CF /* opencv2.framework */ = {isa = PBXFileReference; lastKnownFileType = wrapper.framework; path = opencv2.framework; sourceTree = "<group>"; };
		A88EB4131C503F60008DC5CF /* V3.3.6 */ = {isa = PBXFileReference; fileEncoding = 4; lastKnownFileType = text; path = V3.3.6; sourceTree = "<group>"; };
		A88EB4181C504008008DC5CF /* CoreVideo.framework */ = {isa = PBXFileReference; lastKnownFileType = wrapper.framework; name = CoreVideo.framework; path = System/Library/Frameworks/CoreVideo.framework; sourceTree = SDKROOT; };
		A88EB41A1C50400F008DC5CF /* CoreMedia.framework */ = {isa = PBXFileReference; lastKnownFileType = wrapper.framework; name = CoreMedia.framework; path = System/Library/Frameworks/CoreMedia.framework; sourceTree = SDKROOT; };
		A88EB41C1C504015008DC5CF /* AVFoundation.framework */ = {isa = PBXFileReference; lastKnownFileType = wrapper.framework; name = AVFoundation.framework; path = System/Library/Frameworks/AVFoundation.framework; sourceTree = SDKROOT; };
		A88EB41E1C50401C008DC5CF /* QuartzCore.framework */ = {isa = PBXFileReference; lastKnownFileType = wrapper.framework; name = QuartzCore.framework; path = System/Library/Frameworks/QuartzCore.framework; sourceTree = SDKROOT; };
		A88EB4201C504020008DC5CF /* AudioToolbox.framework */ = {isa = PBXFileReference; lastKnownFileType = wrapper.framework; name = AudioToolbox.framework; path = System/Library/Frameworks/AudioToolbox.framework; sourceTree = SDKROOT; };
		A88EB4221C504026008DC5CF /* AssetsLibrary.framework */ = {isa = PBXFileReference; lastKnownFileType = wrapper.framework; name = AssetsLibrary.framework; path = System/Library/Frameworks/AssetsLibrary.framework; sourceTree = SDKROOT; };
		A88EB4241C50402D008DC5CF /* Security.framework */ = {isa = PBXFileReference; lastKnownFileType = wrapper.framework; name = Security.framework; path = System/Library/Frameworks/Security.framework; sourceTree = SDKROOT; };
		A88EB4261C504056008DC5CF /* MangopayViewController.h */ = {isa = PBXFileReference; fileEncoding = 4; lastKnownFileType = sourcecode.c.h; path = MangopayViewController.h; sourceTree = "<group>"; };
		A88EB4271C504056008DC5CF /* MangopayViewController.m */ = {isa = PBXFileReference; fileEncoding = 4; lastKnownFileType = sourcecode.c.objc; path = MangopayViewController.m; sourceTree = "<group>"; };
		A88EB42C1C50434A008DC5CF /* SPWebViewFiller.h */ = {isa = PBXFileReference; fileEncoding = 4; lastKnownFileType = sourcecode.c.h; path = SPWebViewFiller.h; sourceTree = "<group>"; };
		A88EB42D1C50434A008DC5CF /* SPWebViewFiller.m */ = {isa = PBXFileReference; fileEncoding = 4; lastKnownFileType = sourcecode.c.objc; path = SPWebViewFiller.m; sourceTree = "<group>"; };
		A88EB4321C515230008DC5CF /* libz.tbd */ = {isa = PBXFileReference; lastKnownFileType = "sourcecode.text-based-dylib-definition"; name = libz.tbd; path = usr/lib/libz.tbd; sourceTree = SDKROOT; };
		A89763C31C5802BA0060BC5C /* marker.h */ = {isa = PBXFileReference; fileEncoding = 4; lastKnownFileType = sourcecode.c.h; path = marker.h; sourceTree = "<group>"; };
		A89763C41C5802BA0060BC5C /* marker.m */ = {isa = PBXFileReference; fileEncoding = 4; lastKnownFileType = sourcecode.c.objc; path = marker.m; sourceTree = "<group>"; };
		A89763C71C580BA40060BC5C /* AnnotationView.h */ = {isa = PBXFileReference; fileEncoding = 4; lastKnownFileType = sourcecode.c.h; path = AnnotationView.h; sourceTree = "<group>"; };
		A89763C81C580BA40060BC5C /* AnnotationView.m */ = {isa = PBXFileReference; fileEncoding = 4; lastKnownFileType = sourcecode.c.objc; path = AnnotationView.m; sourceTree = "<group>"; };
		A89763CC1C58163D0060BC5C /* GetOffersListAction.h */ = {isa = PBXFileReference; fileEncoding = 4; lastKnownFileType = sourcecode.c.h; path = GetOffersListAction.h; sourceTree = "<group>"; };
		A89763CD1C58163D0060BC5C /* GetOffersListAction.m */ = {isa = PBXFileReference; fileEncoding = 4; lastKnownFileType = sourcecode.c.objc; path = GetOffersListAction.m; sourceTree = "<group>"; };
		A8A63DB41C5005C30026E456 /* hotel.app */ = {isa = PBXFileReference; explicitFileType = wrapper.application; includeInIndex = 0; path = hotel.app; sourceTree = BUILT_PRODUCTS_DIR; };
		A8A63DB81C5005C30026E456 /* main.m */ = {isa = PBXFileReference; lastKnownFileType = sourcecode.c.objc; path = main.m; sourceTree = "<group>"; };
		A8A63DBA1C5005C30026E456 /* AppDelegate.h */ = {isa = PBXFileReference; lastKnownFileType = sourcecode.c.h; path = AppDelegate.h; sourceTree = "<group>"; };
		A8A63DBB1C5005C30026E456 /* AppDelegate.m */ = {isa = PBXFileReference; lastKnownFileType = sourcecode.c.objc; path = AppDelegate.m; sourceTree = "<group>"; };
		A8A63DBD1C5005C30026E456 /* HomePageViewController.h */ = {isa = PBXFileReference; lastKnownFileType = sourcecode.c.h; path = HomePageViewController.h; sourceTree = "<group>"; };
		A8A63DBE1C5005C30026E456 /* HomePageViewController.m */ = {isa = PBXFileReference; lastKnownFileType = sourcecode.c.objc; path = HomePageViewController.m; sourceTree = "<group>"; };
		A8A63DC11C5005C30026E456 /* Base */ = {isa = PBXFileReference; lastKnownFileType = file.storyboard; name = Base; path = Base.lproj/Main.storyboard; sourceTree = "<group>"; };
		A8A63DC31C5005C30026E456 /* Assets.xcassets */ = {isa = PBXFileReference; lastKnownFileType = folder.assetcatalog; path = Assets.xcassets; sourceTree = "<group>"; };
		A8A63DC61C5005C30026E456 /* Base */ = {isa = PBXFileReference; lastKnownFileType = file.storyboard; name = Base; path = Base.lproj/LaunchScreen.storyboard; sourceTree = "<group>"; };
		A8A63DC81C5005C30026E456 /* Info.plist */ = {isa = PBXFileReference; lastKnownFileType = text.plist.xml; path = Info.plist; sourceTree = "<group>"; };
		A8A63DCD1C5005C30026E456 /* hotelTests.xctest */ = {isa = PBXFileReference; explicitFileType = wrapper.cfbundle; includeInIndex = 0; path = hotelTests.xctest; sourceTree = BUILT_PRODUCTS_DIR; };
		A8A63DD11C5005C30026E456 /* hotelTests.m */ = {isa = PBXFileReference; lastKnownFileType = sourcecode.c.objc; path = hotelTests.m; sourceTree = "<group>"; };
		A8A63DD31C5005C30026E456 /* Info.plist */ = {isa = PBXFileReference; lastKnownFileType = text.plist.xml; path = Info.plist; sourceTree = "<group>"; };
		A8A63DD81C5005C30026E456 /* hotelUITests.xctest */ = {isa = PBXFileReference; explicitFileType = wrapper.cfbundle; includeInIndex = 0; path = hotelUITests.xctest; sourceTree = BUILT_PRODUCTS_DIR; };
		A8A63DDC1C5005C30026E456 /* hotelUITests.m */ = {isa = PBXFileReference; lastKnownFileType = sourcecode.c.objc; path = hotelUITests.m; sourceTree = "<group>"; };
		A8A63DDE1C5005C30026E456 /* Info.plist */ = {isa = PBXFileReference; lastKnownFileType = text.plist.xml; path = Info.plist; sourceTree = "<group>"; };
		A8B0234E1C51579D00C10AA7 /* libc++.tbd */ = {isa = PBXFileReference; lastKnownFileType = "sourcecode.text-based-dylib-definition"; name = "libc++.tbd"; path = "usr/lib/libc++.tbd"; sourceTree = SDKROOT; };
		A8B023501C5157ED00C10AA7 /* libc++.1.tbd */ = {isa = PBXFileReference; lastKnownFileType = "sourcecode.text-based-dylib-definition"; name = "libc++.1.tbd"; path = "usr/lib/libc++.1.tbd"; sourceTree = SDKROOT; };
		A8B023521C51585400C10AA7 /* libsqlite3.tbd */ = {isa = PBXFileReference; lastKnownFileType = "sourcecode.text-based-dylib-definition"; name = libsqlite3.tbd; path = usr/lib/libsqlite3.tbd; sourceTree = SDKROOT; };
		A8CF58C41C5007A2002D227A /* InscriptionViewController.h */ = {isa = PBXFileReference; fileEncoding = 4; lastKnownFileType = sourcecode.c.h; path = InscriptionViewController.h; sourceTree = "<group>"; };
		A8CF58C51C5007A2002D227A /* InscriptionViewController.m */ = {isa = PBXFileReference; fileEncoding = 4; lastKnownFileType = sourcecode.c.objc; path = InscriptionViewController.m; sourceTree = "<group>"; };
		A8F2FEEB1C54D2BA007DF893 /* HotDealViewController.h */ = {isa = PBXFileReference; fileEncoding = 4; lastKnownFileType = sourcecode.c.h; path = HotDealViewController.h; sourceTree = "<group>"; };
		A8F2FEEC1C54D2BA007DF893 /* HotDealViewController.m */ = {isa = PBXFileReference; fileEncoding = 4; lastKnownFileType = sourcecode.c.objc; path = HotDealViewController.m; sourceTree = "<group>"; };
		A8F2FEF41C54D426007DF893 /* InformationViewController.h */ = {isa = PBXFileReference; fileEncoding = 4; lastKnownFileType = sourcecode.c.h; path = InformationViewController.h; sourceTree = "<group>"; };
		A8F2FEF51C54D426007DF893 /* InformationViewController.m */ = {isa = PBXFileReference; fileEncoding = 4; lastKnownFileType = sourcecode.c.objc; path = InformationViewController.m; sourceTree = "<group>"; };
		A8F2FF071C557F01007DF893 /* Offer.h */ = {isa = PBXFileReference; fileEncoding = 4; lastKnownFileType = sourcecode.c.h; path = Offer.h; sourceTree = "<group>"; };
		A8F2FF081C557F01007DF893 /* Offer.m */ = {isa = PBXFileReference; fileEncoding = 4; lastKnownFileType = sourcecode.c.objc; path = Offer.m; sourceTree = "<group>"; };
		A8F2FF0B1C5585D1007DF893 /* hotel-Bridging-Header.h */ = {isa = PBXFileReference; lastKnownFileType = sourcecode.c.h; path = "hotel-Bridging-Header.h"; sourceTree = "<group>"; };
		A8F2FF1A1C559A56007DF893 /* ScrollPagesViewController.h */ = {isa = PBXFileReference; fileEncoding = 4; lastKnownFileType = sourcecode.c.h; path = ScrollPagesViewController.h; sourceTree = "<group>"; };
		A8F2FF1B1C559A56007DF893 /* ScrollPagesViewController.m */ = {isa = PBXFileReference; fileEncoding = 4; lastKnownFileType = sourcecode.c.objc; path = ScrollPagesViewController.m; sourceTree = "<group>"; };
		C91B09CC94CDA73374504379 /* libPods.a */ = {isa = PBXFileReference; explicitFileType = archive.ar; includeInIndex = 0; path = libPods.a; sourceTree = BUILT_PRODUCTS_DIR; };
/* End PBXFileReference section */

/* Begin PBXFrameworksBuildPhase section */
		A8A63DB11C5005C30026E456 /* Frameworks */ = {
			isa = PBXFrameworksBuildPhase;
			buildActionMask = 2147483647;
			files = (
				A84C71731C56BC9500598FE9 /* MapKit.framework in Frameworks */,
				A8B023531C51585400C10AA7 /* libsqlite3.tbd in Frameworks */,
				A8B0234F1C51579D00C10AA7 /* libc++.tbd in Frameworks */,
				A88EB4251C50402D008DC5CF /* Security.framework in Frameworks */,
				A88EB4231C504026008DC5CF /* AssetsLibrary.framework in Frameworks */,
				A88EB4211C504020008DC5CF /* AudioToolbox.framework in Frameworks */,
				A88EB41F1C50401C008DC5CF /* QuartzCore.framework in Frameworks */,
				A88EB41D1C504015008DC5CF /* AVFoundation.framework in Frameworks */,
				A88EB41B1C50400F008DC5CF /* CoreMedia.framework in Frameworks */,
				A88EB4191C504008008DC5CF /* CoreVideo.framework in Frameworks */,
				A88EB4161C503F60008DC5CF /* opencv2.framework in Frameworks */,
				FC3E8C90B71CCA6AAEE87C2C /* libPods.a in Frameworks */,
				A88EB4151C503F60008DC5CF /* libScanpay.a in Frameworks */,
			);
			runOnlyForDeploymentPostprocessing = 0;
		};
		A8A63DCA1C5005C30026E456 /* Frameworks */ = {
			isa = PBXFrameworksBuildPhase;
			buildActionMask = 2147483647;
			files = (
			);
			runOnlyForDeploymentPostprocessing = 0;
		};
		A8A63DD51C5005C30026E456 /* Frameworks */ = {
			isa = PBXFrameworksBuildPhase;
			buildActionMask = 2147483647;
			files = (
			);
			runOnlyForDeploymentPostprocessing = 0;
		};
/* End PBXFrameworksBuildPhase section */

/* Begin PBXGroup section */
		0E132D418700495F3A2D0CAF /* Frameworks */ = {
			isa = PBXGroup;
			children = (
				A84C71721C56BC9500598FE9 /* MapKit.framework */,
				A8B023521C51585400C10AA7 /* libsqlite3.tbd */,
				A8B023501C5157ED00C10AA7 /* libc++.1.tbd */,
				A8B0234E1C51579D00C10AA7 /* libc++.tbd */,
				A88EB4321C515230008DC5CF /* libz.tbd */,
				A88EB4241C50402D008DC5CF /* Security.framework */,
				A88EB4221C504026008DC5CF /* AssetsLibrary.framework */,
				A88EB4201C504020008DC5CF /* AudioToolbox.framework */,
				A88EB41E1C50401C008DC5CF /* QuartzCore.framework */,
				A88EB41C1C504015008DC5CF /* AVFoundation.framework */,
				A88EB41A1C50400F008DC5CF /* CoreMedia.framework */,
				A88EB4181C504008008DC5CF /* CoreVideo.framework */,
				C91B09CC94CDA73374504379 /* libPods.a */,
			);
			name = Frameworks;
			sourceTree = "<group>";
		};
		6DF899BBA4BCF6B7E731117F /* Pods */ = {
			isa = PBXGroup;
			children = (
				726CDCA74CA8DA8EA470A5C8 /* Pods.debug.xcconfig */,
				381A166E8C10B1F505A87604 /* Pods.release.xcconfig */,
			);
			name = Pods;
			sourceTree = "<group>";
		};
		A84C716B1C56A83400598FE9 /* ViewPager */ = {
			isa = PBXGroup;
			children = (
				A84C716C1C56A83400598FE9 /* LPTitleView.h */,
				A84C716D1C56A83400598FE9 /* LPTitleView.m */,
				A84C716E1C56A83400598FE9 /* LPViewPagerController.h */,
				A84C716F1C56A83400598FE9 /* LPViewPagerController.m */,
			);
			name = ViewPager;
			path = LPViewPager;
			sourceTree = "<group>";
		};
		A84C71751C56C47A00598FE9 /* Cell */ = {
			isa = PBXGroup;
			children = (
				A84C71761C56C49400598FE9 /* InformationCampingCell.h */,
				A84C71771C56C49400598FE9 /* InformationCampingCell.m */,
				A84C71791C56C54A00598FE9 /* InformationCampingCell.xib */,
			);
			name = Cell;
			sourceTree = "<group>";
		};
		A84C717B1C56C99F00598FE9 /* PageItem */ = {
			isa = PBXGroup;
			children = (
				A84C717C1C56C9A800598FE9 /* PageItemController.h */,
				A84C717D1C56C9A800598FE9 /* PageItemController.m */,
			);
			name = PageItem;
			sourceTree = "<group>";
		};
		A84C71801C56DFFF00598FE9 /* LocationManager */ = {
			isa = PBXGroup;
			children = (
				A84C71811C56E02400598FE9 /* LocationManager.h */,
				A84C71821C56E02400598FE9 /* LocationManager.m */,
			);
			name = LocationManager;
			sourceTree = "<group>";
		};
		A84C71861C56E77000598FE9 /* MKAnnotations */ = {
			isa = PBXGroup;
			children = (
				A84C71871C56E7A000598FE9 /* CustomAnnotation.h */,
				A84C71881C56E7A000598FE9 /* CustomAnnotation.m */,
				A89763C71C580BA40060BC5C /* AnnotationView.h */,
				A89763C81C580BA40060BC5C /* AnnotationView.m */,
			);
			name = MKAnnotations;
			sourceTree = "<group>";
		};
		A88EB3C31C5009FF008DC5CF /* HomePage */ = {
			isa = PBXGroup;
			children = (
				A8A63DBD1C5005C30026E456 /* HomePageViewController.h */,
				A8A63DBE1C5005C30026E456 /* HomePageViewController.m */,
			);
			name = HomePage;
			sourceTree = "<group>";
		};
		A88EB3C41C500E2B008DC5CF /* PromotionsList */ = {
			isa = PBXGroup;
			children = (
				A88EB3C71C500E97008DC5CF /* PromotionsViewController.h */,
				A88EB3C81C500E97008DC5CF /* PromotionsViewController.m */,
				A88EB3D11C501490008DC5CF /* Cell */,
			);
			name = PromotionsList;
			sourceTree = "<group>";
		};
		A88EB3C51C500E3A008DC5CF /* ProfilCamping */ = {
			isa = PBXGroup;
			children = (
				A88EB3CA1C500EAE008DC5CF /* ProfilViewController.h */,
				A88EB3CB1C500EAE008DC5CF /* ProfilViewController.m */,
				A84C71751C56C47A00598FE9 /* Cell */,
			);
			name = ProfilCamping;
			sourceTree = "<group>";
		};
		A88EB3C61C500E4A008DC5CF /* Payment */ = {
			isa = PBXGroup;
			children = (
				A88EB4261C504056008DC5CF /* MangopayViewController.h */,
				A88EB4271C504056008DC5CF /* MangopayViewController.m */,
			);
			name = Payment;
			sourceTree = "<group>";
		};
		A88EB3CE1C5010F8008DC5CF /* Configuration */ = {
			isa = PBXGroup;
			children = (
				A8A63DC51C5005C30026E456 /* LaunchScreen.storyboard */,
				A88EB3CD1C50108E008DC5CF /* hotel-Prefix.pch */,
				A8A63DC81C5005C30026E456 /* Info.plist */,
				A8A63DB71C5005C30026E456 /* Supporting Files */,
			);
			name = Configuration;
			sourceTree = "<group>";
		};
		A88EB3CF1C501102008DC5CF /* Ressources */ = {
			isa = PBXGroup;
			children = (
				A8A63DC01C5005C30026E456 /* Main.storyboard */,
				A8A63DC31C5005C30026E456 /* Assets.xcassets */,
			);
			name = Ressources;
			sourceTree = "<group>";
		};
		A88EB3D11C501490008DC5CF /* Cell */ = {
			isa = PBXGroup;
			children = (
				A88EB3D71C5015AA008DC5CF /* PromotionCell.h */,
				A88EB3D81C5015AA008DC5CF /* PromotionCell.m */,
				A88EB3D91C5015AA008DC5CF /* PromotionCell.xib */,
			);
			name = Cell;
			sourceTree = "<group>";
		};
		A88EB3DC1C5015D1008DC5CF /* Models */ = {
			isa = PBXGroup;
			children = (
				A88EB3DD1C5015DB008DC5CF /* Camping */,
				A8F2FF061C557EAB007DF893 /* Offer */,
				A88EB4041C50395B008DC5CF /* UserProfil */,
			);
			name = Models;
			sourceTree = "<group>";
		};
		A88EB3DD1C5015DB008DC5CF /* Camping */ = {
			isa = PBXGroup;
			children = (
				A88EB3DE1C5015F0008DC5CF /* Camping.h */,
				A88EB3DF1C5015F0008DC5CF /* Camping.m */,
			);
			name = Camping;
			sourceTree = "<group>";
		};
		A88EB3E21C5018CB008DC5CF /* Utils */ = {
			isa = PBXGroup;
			children = (
				A84C71801C56DFFF00598FE9 /* LocationManager */,
				A84C71861C56E77000598FE9 /* MKAnnotations */,
				A84C717B1C56C99F00598FE9 /* PageItem */,
				A84C716B1C56A83400598FE9 /* ViewPager */,
				A88EB3E71C5034B3008DC5CF /* Data */,
			);
			name = Utils;
			sourceTree = "<group>";
		};
		A88EB3E71C5034B3008DC5CF /* Data */ = {
			isa = PBXGroup;
			children = (
				A88EB3EB1C503699008DC5CF /* Action */,
				A88EB3F41C503709008DC5CF /* Management */,
			);
			name = Data;
			sourceTree = "<group>";
		};
		A88EB3EB1C503699008DC5CF /* Action */ = {
			isa = PBXGroup;
			children = (
				A88EB3FE1C50377A008DC5CF /* NetworkManagement.h */,
				A88EB3FF1C50377A008DC5CF /* NetworkManagement.m */,
				A88EB3F01C5036E5008DC5CF /* Connection */,
				A88EB3F11C5036EB008DC5CF /* Inscription */,
				A89763CB1C5816180060BC5C /* GetCampingList */,
				A88EB3F21C5036EF008DC5CF /* GetOffersList */,
			);
			name = Action;
			sourceTree = "<group>";
		};
		A88EB3F01C5036E5008DC5CF /* Connection */ = {
			isa = PBXGroup;
			children = (
				A88EB3F51C50374B008DC5CF /* ConnectionUserAction.h */,
				A88EB3F61C50374B008DC5CF /* ConnectionUserAction.m */,
			);
			name = Connection;
			sourceTree = "<group>";
		};
		A88EB3F11C5036EB008DC5CF /* Inscription */ = {
			isa = PBXGroup;
			children = (
				A88EB3F81C503754008DC5CF /* InscriptionUserAction.h */,
				A88EB3F91C503754008DC5CF /* InscriptionUserAction.m */,
			);
			name = Inscription;
			sourceTree = "<group>";
		};
		A88EB3F21C5036EF008DC5CF /* GetOffersList */ = {
			isa = PBXGroup;
			children = (
				A89763CC1C58163D0060BC5C /* GetOffersListAction.h */,
				A89763CD1C58163D0060BC5C /* GetOffersListAction.m */,
			);
			name = GetOffersList;
			sourceTree = "<group>";
		};
		A88EB3F31C503701008DC5CF /* ParseData */ = {
			isa = PBXGroup;
			children = (
				A88EB3E31C501918008DC5CF /* ParsingData.h */,
				A88EB3E41C501918008DC5CF /* ParsingData.m */,
			);
			name = ParseData;
			sourceTree = "<group>";
		};
		A88EB3F41C503709008DC5CF /* Management */ = {
			isa = PBXGroup;
			children = (
				A88EB3F31C503701008DC5CF /* ParseData */,
			);
			name = Management;
			sourceTree = "<group>";
		};
		A88EB4041C50395B008DC5CF /* UserProfil */ = {
			isa = PBXGroup;
			children = (
				A88EB4011C503958008DC5CF /* UserProfil.h */,
				A88EB4021C503958008DC5CF /* UserProfil.m */,
			);
			name = UserProfil;
			sourceTree = "<group>";
		};
		A88EB4051C50396E008DC5CF /* ViewControllers */ = {
			isa = PBXGroup;
			children = (
				A8F2FF041C54E624007DF893 /* TabBar */,
				A8F2FEEE1C54D2F2007DF893 /* Informations */,
				A88EB3C31C5009FF008DC5CF /* HomePage */,
				A8F2FEEA1C54D295007DF893 /* HotDeal */,
				A8CF58C31C50076D002D227A /* Inscription */,
				A88EB3C61C500E4A008DC5CF /* Payment */,
				A88EB3C51C500E3A008DC5CF /* ProfilCamping */,
				A88EB3C41C500E2B008DC5CF /* PromotionsList */,
				A8F2FF0E1C558624007DF893 /* ScrollPages */,
			);
			name = ViewControllers;
			sourceTree = "<group>";
		};
		A88EB4061C503981008DC5CF /* Classes */ = {
			isa = PBXGroup;
			children = (
				A8A63DBA1C5005C30026E456 /* AppDelegate.h */,
				A8A63DBB1C5005C30026E456 /* AppDelegate.m */,
				A88EB3E21C5018CB008DC5CF /* Utils */,
				A88EB3DC1C5015D1008DC5CF /* Models */,
				A88EB4051C50396E008DC5CF /* ViewControllers */,
			);
			name = Classes;
			sourceTree = "<group>";
		};
		A88EB4091C503EBF008DC5CF /* External */ = {
			isa = PBXGroup;
			children = (
				A88EB40A1C503F60008DC5CF /* scanpay */,
				A88EB42B1C50434A008DC5CF /* SPWebViewFiller */,
				A8F2FF0B1C5585D1007DF893 /* hotel-Bridging-Header.h */,
			);
			name = External;
			sourceTree = "<group>";
		};
		A88EB40A1C503F60008DC5CF /* scanpay */ = {
			isa = PBXGroup;
			children = (
				A88EB40B1C503F60008DC5CF /* Customization_Tuto.txt */,
				A88EB40C1C503F60008DC5CF /* include */,
				A88EB4111C503F60008DC5CF /* libScanpay.a */,
				A88EB4121C503F60008DC5CF /* opencv2.framework */,
				A88EB4131C503F60008DC5CF /* V3.3.6 */,
			);
			path = scanpay;
			sourceTree = "<group>";
		};
		A88EB40C1C503F60008DC5CF /* include */ = {
			isa = PBXGroup;
			children = (
				A88EB40D1C503F60008DC5CF /* ScanPayDelegate.h */,
				A88EB40E1C503F60008DC5CF /* ScanPayViewController.h */,
				A88EB40F1C503F60008DC5CF /* ScanPayViewController_Extras.h */,
				A88EB4101C503F60008DC5CF /* SPCreditCard.h */,
			);
			path = include;
			sourceTree = "<group>";
		};
		A88EB42B1C50434A008DC5CF /* SPWebViewFiller */ = {
			isa = PBXGroup;
			children = (
				A88EB42C1C50434A008DC5CF /* SPWebViewFiller.h */,
				A88EB42D1C50434A008DC5CF /* SPWebViewFiller.m */,
			);
			path = SPWebViewFiller;
			sourceTree = "<group>";
		};
		A89763C21C58028B0060BC5C /* marker */ = {
			isa = PBXGroup;
			children = (
				A89763C31C5802BA0060BC5C /* marker.h */,
				A89763C41C5802BA0060BC5C /* marker.m */,
			);
			name = marker;
			sourceTree = "<group>";
		};
		A89763CB1C5816180060BC5C /* GetCampingList */ = {
			isa = PBXGroup;
			children = (
				A88EB3FB1C503763008DC5CF /* GetCampingsListAction.h */,
				A88EB3FC1C503763008DC5CF /* GetCampingsListAction.m */,
			);
			name = GetCampingList;
			sourceTree = "<group>";
		};
		A8A63DAB1C5005C30026E456 = {
			isa = PBXGroup;
			children = (
				A8A63DB61C5005C30026E456 /* hotel */,
				A8A63DD01C5005C30026E456 /* hotelTests */,
				A8A63DDB1C5005C30026E456 /* hotelUITests */,
				A8A63DB51C5005C30026E456 /* Products */,
				6DF899BBA4BCF6B7E731117F /* Pods */,
				0E132D418700495F3A2D0CAF /* Frameworks */,
			);
			sourceTree = "<group>";
		};
		A8A63DB51C5005C30026E456 /* Products */ = {
			isa = PBXGroup;
			children = (
				A8A63DB41C5005C30026E456 /* hotel.app */,
				A8A63DCD1C5005C30026E456 /* hotelTests.xctest */,
				A8A63DD81C5005C30026E456 /* hotelUITests.xctest */,
			);
			name = Products;
			sourceTree = "<group>";
		};
		A8A63DB61C5005C30026E456 /* hotel */ = {
			isa = PBXGroup;
			children = (
				A88EB4091C503EBF008DC5CF /* External */,
				A88EB4061C503981008DC5CF /* Classes */,
				A88EB3CE1C5010F8008DC5CF /* Configuration */,
				A88EB3CF1C501102008DC5CF /* Ressources */,
			);
			path = hotel;
			sourceTree = "<group>";
		};
		A8A63DB71C5005C30026E456 /* Supporting Files */ = {
			isa = PBXGroup;
			children = (
				A8A63DB81C5005C30026E456 /* main.m */,
			);
			name = "Supporting Files";
			sourceTree = "<group>";
		};
		A8A63DD01C5005C30026E456 /* hotelTests */ = {
			isa = PBXGroup;
			children = (
				A8A63DD11C5005C30026E456 /* hotelTests.m */,
				A8A63DD31C5005C30026E456 /* Info.plist */,
			);
			path = hotelTests;
			sourceTree = "<group>";
		};
		A8A63DDB1C5005C30026E456 /* hotelUITests */ = {
			isa = PBXGroup;
			children = (
				A8A63DDC1C5005C30026E456 /* hotelUITests.m */,
				A8A63DDE1C5005C30026E456 /* Info.plist */,
			);
			path = hotelUITests;
			sourceTree = "<group>";
		};
		A8CF58C31C50076D002D227A /* Inscription */ = {
			isa = PBXGroup;
			children = (
				A8CF58C41C5007A2002D227A /* InscriptionViewController.h */,
				A8CF58C51C5007A2002D227A /* InscriptionViewController.m */,
			);
			name = Inscription;
			sourceTree = "<group>";
		};
		A8F2FEEA1C54D295007DF893 /* HotDeal */ = {
			isa = PBXGroup;
			children = (
				A8F2FEEB1C54D2BA007DF893 /* HotDealViewController.h */,
				A8F2FEEC1C54D2BA007DF893 /* HotDealViewController.m */,
				A89763C21C58028B0060BC5C /* marker */,
			);
			name = HotDeal;
			sourceTree = "<group>";
		};
		A8F2FEEE1C54D2F2007DF893 /* Informations */ = {
			isa = PBXGroup;
			children = (
				A8F2FEF41C54D426007DF893 /* InformationViewController.h */,
				A8F2FEF51C54D426007DF893 /* InformationViewController.m */,
			);
			name = Informations;
			sourceTree = "<group>";
		};
		A8F2FF041C54E624007DF893 /* TabBar */ = {
			isa = PBXGroup;
			children = (
			);
			name = TabBar;
			sourceTree = "<group>";
		};
		A8F2FF061C557EAB007DF893 /* Offer */ = {
			isa = PBXGroup;
			children = (
				A8F2FF071C557F01007DF893 /* Offer.h */,
				A8F2FF081C557F01007DF893 /* Offer.m */,
			);
			name = Offer;
			sourceTree = "<group>";
		};
		A8F2FF0E1C558624007DF893 /* ScrollPages */ = {
			isa = PBXGroup;
			children = (
				A8F2FF1A1C559A56007DF893 /* ScrollPagesViewController.h */,
				A8F2FF1B1C559A56007DF893 /* ScrollPagesViewController.m */,
			);
			name = ScrollPages;
			sourceTree = "<group>";
		};
/* End PBXGroup section */

/* Begin PBXNativeTarget section */
		A8A63DB31C5005C30026E456 /* hotel */ = {
			isa = PBXNativeTarget;
			buildConfigurationList = A8A63DE11C5005C30026E456 /* Build configuration list for PBXNativeTarget "hotel" */;
			buildPhases = (
				4FCBBD66833208A20D9AB8C4 /* Check Pods Manifest.lock */,
				A8A63DB01C5005C30026E456 /* Sources */,
				A8A63DB11C5005C30026E456 /* Frameworks */,
				A8A63DB21C5005C30026E456 /* Resources */,
				E5375B9655E32C61E2BC532D /* Embed Pods Frameworks */,
				BC7663D59676E052D56EAF6F /* Copy Pods Resources */,
			);
			buildRules = (
			);
			dependencies = (
			);
			name = hotel;
			productName = hotel;
			productReference = A8A63DB41C5005C30026E456 /* hotel.app */;
			productType = "com.apple.product-type.application";
		};
		A8A63DCC1C5005C30026E456 /* hotelTests */ = {
			isa = PBXNativeTarget;
			buildConfigurationList = A8A63DE41C5005C30026E456 /* Build configuration list for PBXNativeTarget "hotelTests" */;
			buildPhases = (
				A8A63DC91C5005C30026E456 /* Sources */,
				A8A63DCA1C5005C30026E456 /* Frameworks */,
				A8A63DCB1C5005C30026E456 /* Resources */,
			);
			buildRules = (
			);
			dependencies = (
				A8A63DCF1C5005C30026E456 /* PBXTargetDependency */,
			);
			name = hotelTests;
			productName = hotelTests;
			productReference = A8A63DCD1C5005C30026E456 /* hotelTests.xctest */;
			productType = "com.apple.product-type.bundle.unit-test";
		};
		A8A63DD71C5005C30026E456 /* hotelUITests */ = {
			isa = PBXNativeTarget;
			buildConfigurationList = A8A63DE71C5005C30026E456 /* Build configuration list for PBXNativeTarget "hotelUITests" */;
			buildPhases = (
				A8A63DD41C5005C30026E456 /* Sources */,
				A8A63DD51C5005C30026E456 /* Frameworks */,
				A8A63DD61C5005C30026E456 /* Resources */,
			);
			buildRules = (
			);
			dependencies = (
				A8A63DDA1C5005C30026E456 /* PBXTargetDependency */,
			);
			name = hotelUITests;
			productName = hotelUITests;
			productReference = A8A63DD81C5005C30026E456 /* hotelUITests.xctest */;
			productType = "com.apple.product-type.bundle.ui-testing";
		};
/* End PBXNativeTarget section */

/* Begin PBXProject section */
		A8A63DAC1C5005C30026E456 /* Project object */ = {
			isa = PBXProject;
			attributes = {
				LastUpgradeCheck = 0720;
				ORGANIZATIONNAME = "Paul Lavoine";
				TargetAttributes = {
					A8A63DB31C5005C30026E456 = {
						CreatedOnToolsVersion = 7.2;
						DevelopmentTeam = DM4F765E5B;
					};
					A8A63DCC1C5005C30026E456 = {
						CreatedOnToolsVersion = 7.2;
						TestTargetID = A8A63DB31C5005C30026E456;
					};
					A8A63DD71C5005C30026E456 = {
						CreatedOnToolsVersion = 7.2;
						TestTargetID = A8A63DB31C5005C30026E456;
					};
				};
			};
			buildConfigurationList = A8A63DAF1C5005C30026E456 /* Build configuration list for PBXProject "hotel" */;
			compatibilityVersion = "Xcode 3.2";
			developmentRegion = English;
			hasScannedForEncodings = 0;
			knownRegions = (
				en,
				Base,
			);
			mainGroup = A8A63DAB1C5005C30026E456;
			productRefGroup = A8A63DB51C5005C30026E456 /* Products */;
			projectDirPath = "";
			projectRoot = "";
			targets = (
				A8A63DB31C5005C30026E456 /* hotel */,
				A8A63DCC1C5005C30026E456 /* hotelTests */,
				A8A63DD71C5005C30026E456 /* hotelUITests */,
			);
		};
/* End PBXProject section */

/* Begin PBXResourcesBuildPhase section */
		A8A63DB21C5005C30026E456 /* Resources */ = {
			isa = PBXResourcesBuildPhase;
			buildActionMask = 2147483647;
			files = (
				A8A63DC71C5005C30026E456 /* LaunchScreen.storyboard in Resources */,
				A8A63DC41C5005C30026E456 /* Assets.xcassets in Resources */,
				A88EB3DB1C5015AA008DC5CF /* PromotionCell.xib in Resources */,
				A8A63DC21C5005C30026E456 /* Main.storyboard in Resources */,
				A88EB4171C503F60008DC5CF /* V3.3.6 in Resources */,
				A84C717A1C56C54A00598FE9 /* InformationCampingCell.xib in Resources */,
				A88EB4141C503F60008DC5CF /* Customization_Tuto.txt in Resources */,
			);
			runOnlyForDeploymentPostprocessing = 0;
		};
		A8A63DCB1C5005C30026E456 /* Resources */ = {
			isa = PBXResourcesBuildPhase;
			buildActionMask = 2147483647;
			files = (
			);
			runOnlyForDeploymentPostprocessing = 0;
		};
		A8A63DD61C5005C30026E456 /* Resources */ = {
			isa = PBXResourcesBuildPhase;
			buildActionMask = 2147483647;
			files = (
			);
			runOnlyForDeploymentPostprocessing = 0;
		};
/* End PBXResourcesBuildPhase section */

/* Begin PBXShellScriptBuildPhase section */
		4FCBBD66833208A20D9AB8C4 /* Check Pods Manifest.lock */ = {
			isa = PBXShellScriptBuildPhase;
			buildActionMask = 2147483647;
			files = (
			);
			inputPaths = (
			);
			name = "Check Pods Manifest.lock";
			outputPaths = (
			);
			runOnlyForDeploymentPostprocessing = 0;
			shellPath = /bin/sh;
			shellScript = "diff \"${PODS_ROOT}/../Podfile.lock\" \"${PODS_ROOT}/Manifest.lock\" > /dev/null\nif [[ $? != 0 ]] ; then\n    cat << EOM\nerror: The sandbox is not in sync with the Podfile.lock. Run 'pod install' or update your CocoaPods installation.\nEOM\n    exit 1\nfi\n";
			showEnvVarsInLog = 0;
		};
		BC7663D59676E052D56EAF6F /* Copy Pods Resources */ = {
			isa = PBXShellScriptBuildPhase;
			buildActionMask = 2147483647;
			files = (
			);
			inputPaths = (
			);
			name = "Copy Pods Resources";
			outputPaths = (
			);
			runOnlyForDeploymentPostprocessing = 0;
			shellPath = /bin/sh;
			shellScript = "\"${SRCROOT}/Pods/Target Support Files/Pods/Pods-resources.sh\"\n";
			showEnvVarsInLog = 0;
		};
		E5375B9655E32C61E2BC532D /* Embed Pods Frameworks */ = {
			isa = PBXShellScriptBuildPhase;
			buildActionMask = 2147483647;
			files = (
			);
			inputPaths = (
			);
			name = "Embed Pods Frameworks";
			outputPaths = (
			);
			runOnlyForDeploymentPostprocessing = 0;
			shellPath = /bin/sh;
			shellScript = "\"${SRCROOT}/Pods/Target Support Files/Pods/Pods-frameworks.sh\"\n";
			showEnvVarsInLog = 0;
		};
/* End PBXShellScriptBuildPhase section */

/* Begin PBXSourcesBuildPhase section */
		A8A63DB01C5005C30026E456 /* Sources */ = {
			isa = PBXSourcesBuildPhase;
			buildActionMask = 2147483647;
			files = (
				A88EB3E01C5015F0008DC5CF /* Camping.m in Sources */,
				A88EB4281C504056008DC5CF /* MangopayViewController.m in Sources */,
				A8A63DBF1C5005C30026E456 /* HomePageViewController.m in Sources */,
				A88EB3E51C501918008DC5CF /* ParsingData.m in Sources */,
				A8F2FEED1C54D2BA007DF893 /* HotDealViewController.m in Sources */,
				A8A63DBC1C5005C30026E456 /* AppDelegate.m in Sources */,
				A88EB3C91C500E97008DC5CF /* PromotionsViewController.m in Sources */,
				A8F2FF1C1C559A56007DF893 /* ScrollPagesViewController.m in Sources */,
				A84C71701C56A83400598FE9 /* LPTitleView.m in Sources */,
				A89763C51C5802BA0060BC5C /* marker.m in Sources */,
				A8F2FF091C557F01007DF893 /* Offer.m in Sources */,
				A88EB42E1C50434A008DC5CF /* SPWebViewFiller.m in Sources */,
				A88EB3FD1C503763008DC5CF /* GetCampingsListAction.m in Sources */,
				A84C71781C56C49400598FE9 /* InformationCampingCell.m in Sources */,
				A88EB3CC1C500EAE008DC5CF /* ProfilViewController.m in Sources */,
				A8A63DB91C5005C30026E456 /* main.m in Sources */,
				A84C717E1C56C9A800598FE9 /* PageItemController.m in Sources */,
				A8F2FEF61C54D426007DF893 /* InformationViewController.m in Sources */,
				A88EB3DA1C5015AA008DC5CF /* PromotionCell.m in Sources */,
				A88EB3FA1C503754008DC5CF /* InscriptionUserAction.m in Sources */,
				A88EB4001C50377A008DC5CF /* NetworkManagement.m in Sources */,
				A89763CE1C58163D0060BC5C /* GetOffersListAction.m in Sources */,
				A84C71711C56A83400598FE9 /* LPViewPagerController.m in Sources */,
				A84C71831C56E02400598FE9 /* LocationManager.m in Sources */,
				A8CF58C61C5007A2002D227A /* InscriptionViewController.m in Sources */,
				A88EB3F71C50374B008DC5CF /* ConnectionUserAction.m in Sources */,
				A89763C91C580BA40060BC5C /* AnnotationView.m in Sources */,
				A88EB4031C503958008DC5CF /* UserProfil.m in Sources */,
				A84C71891C56E7A000598FE9 /* CustomAnnotation.m in Sources */,
			);
			runOnlyForDeploymentPostprocessing = 0;
		};
		A8A63DC91C5005C30026E456 /* Sources */ = {
			isa = PBXSourcesBuildPhase;
			buildActionMask = 2147483647;
			files = (
				A8A63DD21C5005C30026E456 /* hotelTests.m in Sources */,
			);
			runOnlyForDeploymentPostprocessing = 0;
		};
		A8A63DD41C5005C30026E456 /* Sources */ = {
			isa = PBXSourcesBuildPhase;
			buildActionMask = 2147483647;
			files = (
				A8A63DDD1C5005C30026E456 /* hotelUITests.m in Sources */,
			);
			runOnlyForDeploymentPostprocessing = 0;
		};
/* End PBXSourcesBuildPhase section */

/* Begin PBXTargetDependency section */
		A8A63DCF1C5005C30026E456 /* PBXTargetDependency */ = {
			isa = PBXTargetDependency;
			target = A8A63DB31C5005C30026E456 /* hotel */;
			targetProxy = A8A63DCE1C5005C30026E456 /* PBXContainerItemProxy */;
		};
		A8A63DDA1C5005C30026E456 /* PBXTargetDependency */ = {
			isa = PBXTargetDependency;
			target = A8A63DB31C5005C30026E456 /* hotel */;
			targetProxy = A8A63DD91C5005C30026E456 /* PBXContainerItemProxy */;
		};
/* End PBXTargetDependency section */

/* Begin PBXVariantGroup section */
		A8A63DC01C5005C30026E456 /* Main.storyboard */ = {
			isa = PBXVariantGroup;
			children = (
				A8A63DC11C5005C30026E456 /* Base */,
			);
			name = Main.storyboard;
			sourceTree = "<group>";
		};
		A8A63DC51C5005C30026E456 /* LaunchScreen.storyboard */ = {
			isa = PBXVariantGroup;
			children = (
				A8A63DC61C5005C30026E456 /* Base */,
			);
			name = LaunchScreen.storyboard;
			sourceTree = "<group>";
		};
/* End PBXVariantGroup section */

/* Begin XCBuildConfiguration section */
		A8A63DDF1C5005C30026E456 /* Debug */ = {
			isa = XCBuildConfiguration;
			buildSettings = {
				ALWAYS_SEARCH_USER_PATHS = NO;
				CLANG_CXX_LANGUAGE_STANDARD = "gnu++0x";
				CLANG_CXX_LIBRARY = "libc++";
				CLANG_ENABLE_MODULES = YES;
				CLANG_ENABLE_OBJC_ARC = YES;
				CLANG_WARN_BOOL_CONVERSION = YES;
				CLANG_WARN_CONSTANT_CONVERSION = YES;
				CLANG_WARN_DIRECT_OBJC_ISA_USAGE = YES_ERROR;
				CLANG_WARN_EMPTY_BODY = YES;
				CLANG_WARN_ENUM_CONVERSION = YES;
				CLANG_WARN_INT_CONVERSION = YES;
				CLANG_WARN_OBJC_ROOT_CLASS = YES_ERROR;
				CLANG_WARN_UNREACHABLE_CODE = YES;
				CLANG_WARN__DUPLICATE_METHOD_MATCH = YES;
				"CODE_SIGN_IDENTITY[sdk=iphoneos*]" = "iPhone Developer";
				COPY_PHASE_STRIP = NO;
				DEBUG_INFORMATION_FORMAT = dwarf;
				ENABLE_STRICT_OBJC_MSGSEND = YES;
				ENABLE_TESTABILITY = YES;
				GCC_C_LANGUAGE_STANDARD = gnu99;
				GCC_DYNAMIC_NO_PIC = NO;
				GCC_NO_COMMON_BLOCKS = YES;
				GCC_OPTIMIZATION_LEVEL = 0;
				GCC_PREPROCESSOR_DEFINITIONS = (
					"DEBUG=1",
					"$(inherited)",
				);
				GCC_WARN_64_TO_32_BIT_CONVERSION = YES;
				GCC_WARN_ABOUT_RETURN_TYPE = YES_ERROR;
				GCC_WARN_UNDECLARED_SELECTOR = YES;
				GCC_WARN_UNINITIALIZED_AUTOS = YES_AGGRESSIVE;
				GCC_WARN_UNUSED_FUNCTION = YES;
				GCC_WARN_UNUSED_VARIABLE = YES;
				IPHONEOS_DEPLOYMENT_TARGET = 9.2;
				MTL_ENABLE_DEBUG_INFO = YES;
				ONLY_ACTIVE_ARCH = YES;
				SDKROOT = iphoneos;
				TARGETED_DEVICE_FAMILY = "1,2";
			};
			name = Debug;
		};
		A8A63DE01C5005C30026E456 /* Release */ = {
			isa = XCBuildConfiguration;
			buildSettings = {
				ALWAYS_SEARCH_USER_PATHS = NO;
				CLANG_CXX_LANGUAGE_STANDARD = "gnu++0x";
				CLANG_CXX_LIBRARY = "libc++";
				CLANG_ENABLE_MODULES = YES;
				CLANG_ENABLE_OBJC_ARC = YES;
				CLANG_WARN_BOOL_CONVERSION = YES;
				CLANG_WARN_CONSTANT_CONVERSION = YES;
				CLANG_WARN_DIRECT_OBJC_ISA_USAGE = YES_ERROR;
				CLANG_WARN_EMPTY_BODY = YES;
				CLANG_WARN_ENUM_CONVERSION = YES;
				CLANG_WARN_INT_CONVERSION = YES;
				CLANG_WARN_OBJC_ROOT_CLASS = YES_ERROR;
				CLANG_WARN_UNREACHABLE_CODE = YES;
				CLANG_WARN__DUPLICATE_METHOD_MATCH = YES;
				"CODE_SIGN_IDENTITY[sdk=iphoneos*]" = "iPhone Developer";
				COPY_PHASE_STRIP = NO;
				DEBUG_INFORMATION_FORMAT = "dwarf-with-dsym";
				ENABLE_NS_ASSERTIONS = NO;
				ENABLE_STRICT_OBJC_MSGSEND = YES;
				GCC_C_LANGUAGE_STANDARD = gnu99;
				GCC_NO_COMMON_BLOCKS = YES;
				GCC_WARN_64_TO_32_BIT_CONVERSION = YES;
				GCC_WARN_ABOUT_RETURN_TYPE = YES_ERROR;
				GCC_WARN_UNDECLARED_SELECTOR = YES;
				GCC_WARN_UNINITIALIZED_AUTOS = YES_AGGRESSIVE;
				GCC_WARN_UNUSED_FUNCTION = YES;
				GCC_WARN_UNUSED_VARIABLE = YES;
				IPHONEOS_DEPLOYMENT_TARGET = 9.2;
				MTL_ENABLE_DEBUG_INFO = NO;
				SDKROOT = iphoneos;
				TARGETED_DEVICE_FAMILY = "1,2";
				VALIDATE_PRODUCT = YES;
			};
			name = Release;
		};
		A8A63DE21C5005C30026E456 /* Debug */ = {
			isa = XCBuildConfiguration;
			baseConfigurationReference = 726CDCA74CA8DA8EA470A5C8 /* Pods.debug.xcconfig */;
			buildSettings = {
				ASSETCATALOG_COMPILER_APPICON_NAME = AppIcon;
				CLANG_ENABLE_MODULES = YES;
				CODE_SIGN_IDENTITY = "iPhone Developer";
				"CODE_SIGN_IDENTITY[sdk=iphoneos*]" = "iPhone Developer";
				ENABLE_BITCODE = NO;
				FRAMEWORK_SEARCH_PATHS = (
					"$(inherited)",
					"$(PROJECT_DIR)/hotel/scanpay",
				);
				GCC_PRECOMPILE_PREFIX_HEADER = YES;
				GCC_PREFIX_HEADER = "hotel/hotel-Prefix.pch";
				INFOPLIST_FILE = hotel/Info.plist;
				LD_RUNPATH_SEARCH_PATHS = "$(inherited) @executable_path/Frameworks";
				LIBRARY_SEARCH_PATHS = (
					"$(inherited)",
					"$(PROJECT_DIR)/hotel/scanpay",
					"$(PROJECT_DIR)/hotel",
				);
				ONLY_ACTIVE_ARCH = YES;
				PRODUCT_BUNDLE_IDENTIFIER = com.paulLavoine.hotel;
				PRODUCT_NAME = "$(TARGET_NAME)";
				PROVISIONING_PROFILE = "";
				SWIFT_OBJC_BRIDGING_HEADER = "hotel/hotel-Bridging-Header.h";
				SWIFT_OPTIMIZATION_LEVEL = "-Onone";
			};
			name = Debug;
		};
		A8A63DE31C5005C30026E456 /* Release */ = {
			isa = XCBuildConfiguration;
			baseConfigurationReference = 381A166E8C10B1F505A87604 /* Pods.release.xcconfig */;
			buildSettings = {
				ASSETCATALOG_COMPILER_APPICON_NAME = AppIcon;
				CLANG_ENABLE_MODULES = YES;
				CODE_SIGN_IDENTITY = "iPhone Developer";
				"CODE_SIGN_IDENTITY[sdk=iphoneos*]" = "iPhone Developer";
				ENABLE_BITCODE = NO;
				FRAMEWORK_SEARCH_PATHS = (
					"$(inherited)",
					"$(PROJECT_DIR)/hotel/scanpay",
				);
				GCC_PRECOMPILE_PREFIX_HEADER = YES;
				GCC_PREFIX_HEADER = "hotel/hotel-Prefix.pch";
				INFOPLIST_FILE = hotel/Info.plist;
				LD_RUNPATH_SEARCH_PATHS = "$(inherited) @executable_path/Frameworks";
				LIBRARY_SEARCH_PATHS = (
					"$(inherited)",
					"$(PROJECT_DIR)/hotel/scanpay",
					"$(PROJECT_DIR)/hotel",
				);
				ONLY_ACTIVE_ARCH = YES;
				PRODUCT_BUNDLE_IDENTIFIER = com.paulLavoine.hotel;
				PRODUCT_NAME = "$(TARGET_NAME)";
				PROVISIONING_PROFILE = "";
				SWIFT_OBJC_BRIDGING_HEADER = "hotel/hotel-Bridging-Header.h";
			};
			name = Release;
		};
		A8A63DE51C5005C30026E456 /* Debug */ = {
			isa = XCBuildConfiguration;
			buildSettings = {
				BUNDLE_LOADER = "$(TEST_HOST)";
				INFOPLIST_FILE = hotelTests/Info.plist;
				LD_RUNPATH_SEARCH_PATHS = "$(inherited) @executable_path/Frameworks @loader_path/Frameworks";
				PRODUCT_BUNDLE_IDENTIFIER = com.paulLavoine.hotel.hotelTests;
				PRODUCT_NAME = "$(TARGET_NAME)";
				TEST_HOST = "$(BUILT_PRODUCTS_DIR)/hotel.app/hotel";
			};
			name = Debug;
		};
		A8A63DE61C5005C30026E456 /* Release */ = {
			isa = XCBuildConfiguration;
			buildSettings = {
				BUNDLE_LOADER = "$(TEST_HOST)";
				INFOPLIST_FILE = hotelTests/Info.plist;
				LD_RUNPATH_SEARCH_PATHS = "$(inherited) @executable_path/Frameworks @loader_path/Frameworks";
				PRODUCT_BUNDLE_IDENTIFIER = com.paulLavoine.hotel.hotelTests;
				PRODUCT_NAME = "$(TARGET_NAME)";
				TEST_HOST = "$(BUILT_PRODUCTS_DIR)/hotel.app/hotel";
			};
			name = Release;
		};
		A8A63DE81C5005C30026E456 /* Debug */ = {
			isa = XCBuildConfiguration;
			buildSettings = {
				INFOPLIST_FILE = hotelUITests/Info.plist;
				LD_RUNPATH_SEARCH_PATHS = "$(inherited) @executable_path/Frameworks @loader_path/Frameworks";
				PRODUCT_BUNDLE_IDENTIFIER = com.paulLavoine.hotel.hotelUITests;
				PRODUCT_NAME = "$(TARGET_NAME)";
				TEST_TARGET_NAME = hotel;
				USES_XCTRUNNER = YES;
			};
			name = Debug;
		};
		A8A63DE91C5005C30026E456 /* Release */ = {
			isa = XCBuildConfiguration;
			buildSettings = {
				INFOPLIST_FILE = hotelUITests/Info.plist;
				LD_RUNPATH_SEARCH_PATHS = "$(inherited) @executable_path/Frameworks @loader_path/Frameworks";
				PRODUCT_BUNDLE_IDENTIFIER = com.paulLavoine.hotel.hotelUITests;
				PRODUCT_NAME = "$(TARGET_NAME)";
				TEST_TARGET_NAME = hotel;
				USES_XCTRUNNER = YES;
			};
			name = Release;
		};
/* End XCBuildConfiguration section */

/* Begin XCConfigurationList section */
		A8A63DAF1C5005C30026E456 /* Build configuration list for PBXProject "hotel" */ = {
			isa = XCConfigurationList;
			buildConfigurations = (
				A8A63DDF1C5005C30026E456 /* Debug */,
				A8A63DE01C5005C30026E456 /* Release */,
			);
			defaultConfigurationIsVisible = 0;
			defaultConfigurationName = Release;
		};
		A8A63DE11C5005C30026E456 /* Build configuration list for PBXNativeTarget "hotel" */ = {
			isa = XCConfigurationList;
			buildConfigurations = (
				A8A63DE21C5005C30026E456 /* Debug */,
				A8A63DE31C5005C30026E456 /* Release */,
			);
			defaultConfigurationIsVisible = 0;
			defaultConfigurationName = Release;
		};
		A8A63DE41C5005C30026E456 /* Build configuration list for PBXNativeTarget "hotelTests" */ = {
			isa = XCConfigurationList;
			buildConfigurations = (
				A8A63DE51C5005C30026E456 /* Debug */,
				A8A63DE61C5005C30026E456 /* Release */,
			);
			defaultConfigurationIsVisible = 0;
			defaultConfigurationName = Release;
		};
		A8A63DE71C5005C30026E456 /* Build configuration list for PBXNativeTarget "hotelUITests" */ = {
			isa = XCConfigurationList;
			buildConfigurations = (
				A8A63DE81C5005C30026E456 /* Debug */,
				A8A63DE91C5005C30026E456 /* Release */,
			);
			defaultConfigurationIsVisible = 0;
			defaultConfigurationName = Release;
		};
/* End XCConfigurationList section */
	};
	rootObject = A8A63DAC1C5005C30026E456 /* Project object */;
}
